{
  "requires": true,
  "lockfileVersion": 1,
  "dependencies": {
    "mustard-ui": {
      "version": "0.0.8",
      "resolved": "https://registry.npmjs.org/mustard-ui/-/mustard-ui-0.0.8.tgz",
      "integrity": "sha512-54UjvEqlE87jCYBRitLRC2gZHvmSrhwCrzhTJzfSeXWn4ihcymcawf5GyRQ0gSKReGwZs4+AM7r/eXX2BA8OJA=="
    }
  }
}
